// !$*UTF8*$!
{
	archiveVersion = 1;
	classes = {
	};
	objectVersion = 50;
	objects = {

/* Begin PBXBuildFile section */
		EC07D3B625C0DB6400926C39 /* DDC.c in Sources */ = {isa = PBXBuildFile; fileRef = EC07D3B325C0DB6400926C39 /* DDC.c */; };
		EC07D3DE25C0F2CC00926C39 /* ddcctl.m in Sources */ = {isa = PBXBuildFile; fileRef = EC07D3DD25C0F2CC00926C39 /* ddcctl.m */; };
		EC1313A425B78ECF000D34E9 /* AppDelegate.swift in Sources */ = {isa = PBXBuildFile; fileRef = EC1313A325B78ECF000D34E9 /* AppDelegate.swift */; };
		EC1313A625B78ECF000D34E9 /* ContentView.swift in Sources */ = {isa = PBXBuildFile; fileRef = EC1313A525B78ECF000D34E9 /* ContentView.swift */; };
		EC1313A825B78ED0000D34E9 /* Assets.xcassets in Resources */ = {isa = PBXBuildFile; fileRef = EC1313A725B78ED0000D34E9 /* Assets.xcassets */; };
		EC1313AB25B78ED0000D34E9 /* Preview Assets.xcassets in Resources */ = {isa = PBXBuildFile; fileRef = EC1313AA25B78ED0000D34E9 /* Preview Assets.xcassets */; };
		EC1313AE25B78ED0000D34E9 /* Main.storyboard in Resources */ = {isa = PBXBuildFile; fileRef = EC1313AC25B78ED0000D34E9 /* Main.storyboard */; };
		EC1313BA25B78ED0000D34E9 /* MonitorSwitcherTests.swift in Sources */ = {isa = PBXBuildFile; fileRef = EC1313B925B78ED0000D34E9 /* MonitorSwitcherTests.swift */; };
		EC1313C525B78ED0000D34E9 /* MonitorSwitcherUITests.swift in Sources */ = {isa = PBXBuildFile; fileRef = EC1313C425B78ED0000D34E9 /* MonitorSwitcherUITests.swift */; };
/* End PBXBuildFile section */

/* Begin PBXContainerItemProxy section */
		EC1313B625B78ED0000D34E9 /* PBXContainerItemProxy */ = {
			isa = PBXContainerItemProxy;
			containerPortal = EC13139825B78ECF000D34E9 /* Project object */;
			proxyType = 1;
			remoteGlobalIDString = EC13139F25B78ECF000D34E9;
			remoteInfo = MonitorSwitcher;
		};
		EC1313C125B78ED0000D34E9 /* PBXContainerItemProxy */ = {
			isa = PBXContainerItemProxy;
			containerPortal = EC13139825B78ECF000D34E9 /* Project object */;
			proxyType = 1;
			remoteGlobalIDString = EC13139F25B78ECF000D34E9;
			remoteInfo = MonitorSwitcher;
		};
/* End PBXContainerItemProxy section */

/* Begin PBXFileReference section */
		EC07D3AF25C0DB6300926C39 /* MonitorSwitcher-Bridging-Header.h */ = {isa = PBXFileReference; lastKnownFileType = sourcecode.c.h; path = "MonitorSwitcher-Bridging-Header.h"; sourceTree = "<group>"; };
		EC07D3B325C0DB6400926C39 /* DDC.c */ = {isa = PBXFileReference; fileEncoding = 4; lastKnownFileType = sourcecode.c.c; path = DDC.c; sourceTree = "<group>"; };
		EC07D3B425C0DB6400926C39 /* DDC.h */ = {isa = PBXFileReference; fileEncoding = 4; lastKnownFileType = sourcecode.c.h; path = DDC.h; sourceTree = "<group>"; };
		EC07D3DD25C0F2CC00926C39 /* ddcctl.m */ = {isa = PBXFileReference; fileEncoding = 4; lastKnownFileType = sourcecode.c.objc; path = ddcctl.m; sourceTree = "<group>"; };
		EC07D3E225C0FDFA00926C39 /* ddcctl.h */ = {isa = PBXFileReference; lastKnownFileType = sourcecode.c.h; path = ddcctl.h; sourceTree = "<group>"; };
		EC1313A025B78ECF000D34E9 /* MonitorSwitcher.app */ = {isa = PBXFileReference; explicitFileType = wrapper.application; includeInIndex = 0; path = MonitorSwitcher.app; sourceTree = BUILT_PRODUCTS_DIR; };
		EC1313A325B78ECF000D34E9 /* AppDelegate.swift */ = {isa = PBXFileReference; lastKnownFileType = sourcecode.swift; path = AppDelegate.swift; sourceTree = "<group>"; };
		EC1313A525B78ECF000D34E9 /* ContentView.swift */ = {isa = PBXFileReference; lastKnownFileType = sourcecode.swift; path = ContentView.swift; sourceTree = "<group>"; };
		EC1313A725B78ED0000D34E9 /* Assets.xcassets */ = {isa = PBXFileReference; lastKnownFileType = folder.assetcatalog; path = Assets.xcassets; sourceTree = "<group>"; };
		EC1313AA25B78ED0000D34E9 /* Preview Assets.xcassets */ = {isa = PBXFileReference; lastKnownFileType = folder.assetcatalog; path = "Preview Assets.xcassets"; sourceTree = "<group>"; };
		EC1313AD25B78ED0000D34E9 /* Base */ = {isa = PBXFileReference; lastKnownFileType = file.storyboard; name = Base; path = Base.lproj/Main.storyboard; sourceTree = "<group>"; };
		EC1313AF25B78ED0000D34E9 /* Info.plist */ = {isa = PBXFileReference; lastKnownFileType = text.plist.xml; path = Info.plist; sourceTree = "<group>"; };
		EC1313B025B78ED0000D34E9 /* MonitorSwitcher.entitlements */ = {isa = PBXFileReference; lastKnownFileType = text.plist.entitlements; path = MonitorSwitcher.entitlements; sourceTree = "<group>"; };
		EC1313B525B78ED0000D34E9 /* MonitorSwitcherTests.xctest */ = {isa = PBXFileReference; explicitFileType = wrapper.cfbundle; includeInIndex = 0; path = MonitorSwitcherTests.xctest; sourceTree = BUILT_PRODUCTS_DIR; };
		EC1313B925B78ED0000D34E9 /* MonitorSwitcherTests.swift */ = {isa = PBXFileReference; lastKnownFileType = sourcecode.swift; path = MonitorSwitcherTests.swift; sourceTree = "<group>"; };
		EC1313BB25B78ED0000D34E9 /* Info.plist */ = {isa = PBXFileReference; lastKnownFileType = text.plist.xml; path = Info.plist; sourceTree = "<group>"; };
		EC1313C025B78ED0000D34E9 /* MonitorSwitcherUITests.xctest */ = {isa = PBXFileReference; explicitFileType = wrapper.cfbundle; includeInIndex = 0; path = MonitorSwitcherUITests.xctest; sourceTree = BUILT_PRODUCTS_DIR; };
		EC1313C425B78ED0000D34E9 /* MonitorSwitcherUITests.swift */ = {isa = PBXFileReference; lastKnownFileType = sourcecode.swift; path = MonitorSwitcherUITests.swift; sourceTree = "<group>"; };
		EC1313C625B78ED0000D34E9 /* Info.plist */ = {isa = PBXFileReference; lastKnownFileType = text.plist.xml; path = Info.plist; sourceTree = "<group>"; };
		EC1313D525B794CD000D34E9 /* switch.sh */ = {isa = PBXFileReference; lastKnownFileType = text.script.sh; path = switch.sh; sourceTree = "<group>"; };
/* End PBXFileReference section */

/* Begin PBXFrameworksBuildPhase section */
		EC13139D25B78ECF000D34E9 /* Frameworks */ = {
			isa = PBXFrameworksBuildPhase;
			buildActionMask = 2147483647;
			files = (
			);
			runOnlyForDeploymentPostprocessing = 0;
		};
		EC1313B225B78ED0000D34E9 /* Frameworks */ = {
			isa = PBXFrameworksBuildPhase;
			buildActionMask = 2147483647;
			files = (
			);
			runOnlyForDeploymentPostprocessing = 0;
		};
		EC1313BD25B78ED0000D34E9 /* Frameworks */ = {
			isa = PBXFrameworksBuildPhase;
			buildActionMask = 2147483647;
			files = (
			);
			runOnlyForDeploymentPostprocessing = 0;
		};
/* End PBXFrameworksBuildPhase section */

/* Begin PBXGroup section */
		EC13139725B78ECF000D34E9 = {
			isa = PBXGroup;
			children = (
				EC1313A225B78ECF000D34E9 /* MonitorSwitcher */,
				EC1313B825B78ED0000D34E9 /* MonitorSwitcherTests */,
				EC1313C325B78ED0000D34E9 /* MonitorSwitcherUITests */,
				EC1313A125B78ECF000D34E9 /* Products */,
				EC07D3AF25C0DB6300926C39 /* MonitorSwitcher-Bridging-Header.h */,
			);
			sourceTree = "<group>";
		};
		EC1313A125B78ECF000D34E9 /* Products */ = {
			isa = PBXGroup;
			children = (
				EC1313A025B78ECF000D34E9 /* MonitorSwitcher.app */,
				EC1313B525B78ED0000D34E9 /* MonitorSwitcherTests.xctest */,
				EC1313C025B78ED0000D34E9 /* MonitorSwitcherUITests.xctest */,
			);
			name = Products;
			sourceTree = "<group>";
		};
		EC1313A225B78ECF000D34E9 /* MonitorSwitcher */ = {
			isa = PBXGroup;
			children = (
				EC07D3DD25C0F2CC00926C39 /* ddcctl.m */,
				EC07D3B325C0DB6400926C39 /* DDC.c */,
				EC07D3B425C0DB6400926C39 /* DDC.h */,
				EC1313A325B78ECF000D34E9 /* AppDelegate.swift */,
				EC1313A525B78ECF000D34E9 /* ContentView.swift */,
				EC1313A725B78ED0000D34E9 /* Assets.xcassets */,
				EC1313AC25B78ED0000D34E9 /* Main.storyboard */,
				EC1313AF25B78ED0000D34E9 /* Info.plist */,
				EC1313B025B78ED0000D34E9 /* MonitorSwitcher.entitlements */,
				EC1313A925B78ED0000D34E9 /* Preview Content */,
				EC1313D525B794CD000D34E9 /* switch.sh */,
				EC07D3E225C0FDFA00926C39 /* ddcctl.h */,
			);
			path = MonitorSwitcher;
			sourceTree = "<group>";
		};
		EC1313A925B78ED0000D34E9 /* Preview Content */ = {
			isa = PBXGroup;
			children = (
				EC1313AA25B78ED0000D34E9 /* Preview Assets.xcassets */,
			);
			path = "Preview Content";
			sourceTree = "<group>";
		};
		EC1313B825B78ED0000D34E9 /* MonitorSwitcherTests */ = {
			isa = PBXGroup;
			children = (
				EC1313B925B78ED0000D34E9 /* MonitorSwitcherTests.swift */,
				EC1313BB25B78ED0000D34E9 /* Info.plist */,
			);
			path = MonitorSwitcherTests;
			sourceTree = "<group>";
		};
		EC1313C325B78ED0000D34E9 /* MonitorSwitcherUITests */ = {
			isa = PBXGroup;
			children = (
				EC1313C425B78ED0000D34E9 /* MonitorSwitcherUITests.swift */,
				EC1313C625B78ED0000D34E9 /* Info.plist */,
			);
			path = MonitorSwitcherUITests;
			sourceTree = "<group>";
		};
/* End PBXGroup section */

/* Begin PBXNativeTarget section */
		EC13139F25B78ECF000D34E9 /* MonitorSwitcher */ = {
			isa = PBXNativeTarget;
			buildConfigurationList = EC1313C925B78ED0000D34E9 /* Build configuration list for PBXNativeTarget "MonitorSwitcher" */;
			buildPhases = (
				EC13139C25B78ECF000D34E9 /* Sources */,
				EC13139D25B78ECF000D34E9 /* Frameworks */,
				EC13139E25B78ECF000D34E9 /* Resources */,
			);
			buildRules = (
			);
			dependencies = (
			);
			name = MonitorSwitcher;
			productName = MonitorSwitcher;
			productReference = EC1313A025B78ECF000D34E9 /* MonitorSwitcher.app */;
			productType = "com.apple.product-type.application";
		};
		EC1313B425B78ED0000D34E9 /* MonitorSwitcherTests */ = {
			isa = PBXNativeTarget;
			buildConfigurationList = EC1313CC25B78ED0000D34E9 /* Build configuration list for PBXNativeTarget "MonitorSwitcherTests" */;
			buildPhases = (
				EC1313B125B78ED0000D34E9 /* Sources */,
				EC1313B225B78ED0000D34E9 /* Frameworks */,
				EC1313B325B78ED0000D34E9 /* Resources */,
			);
			buildRules = (
			);
			dependencies = (
				EC1313B725B78ED0000D34E9 /* PBXTargetDependency */,
			);
			name = MonitorSwitcherTests;
			productName = MonitorSwitcherTests;
			productReference = EC1313B525B78ED0000D34E9 /* MonitorSwitcherTests.xctest */;
			productType = "com.apple.product-type.bundle.unit-test";
		};
		EC1313BF25B78ED0000D34E9 /* MonitorSwitcherUITests */ = {
			isa = PBXNativeTarget;
			buildConfigurationList = EC1313CF25B78ED0000D34E9 /* Build configuration list for PBXNativeTarget "MonitorSwitcherUITests" */;
			buildPhases = (
				EC1313BC25B78ED0000D34E9 /* Sources */,
				EC1313BD25B78ED0000D34E9 /* Frameworks */,
				EC1313BE25B78ED0000D34E9 /* Resources */,
			);
			buildRules = (
			);
			dependencies = (
				EC1313C225B78ED0000D34E9 /* PBXTargetDependency */,
			);
			name = MonitorSwitcherUITests;
			productName = MonitorSwitcherUITests;
			productReference = EC1313C025B78ED0000D34E9 /* MonitorSwitcherUITests.xctest */;
			productType = "com.apple.product-type.bundle.ui-testing";
		};
/* End PBXNativeTarget section */

/* Begin PBXProject section */
		EC13139825B78ECF000D34E9 /* Project object */ = {
			isa = PBXProject;
			attributes = {
				LastSwiftUpdateCheck = 1210;
				LastUpgradeCheck = 1210;
				TargetAttributes = {
					EC13139F25B78ECF000D34E9 = {
						CreatedOnToolsVersion = 12.1;
						LastSwiftMigration = 1210;
					};
					EC1313B425B78ED0000D34E9 = {
						CreatedOnToolsVersion = 12.1;
						TestTargetID = EC13139F25B78ECF000D34E9;
					};
					EC1313BF25B78ED0000D34E9 = {
						CreatedOnToolsVersion = 12.1;
						TestTargetID = EC13139F25B78ECF000D34E9;
					};
				};
			};
			buildConfigurationList = EC13139B25B78ECF000D34E9 /* Build configuration list for PBXProject "MonitorSwitcher" */;
			compatibilityVersion = "Xcode 9.3";
			developmentRegion = en;
			hasScannedForEncodings = 0;
			knownRegions = (
				en,
				Base,
			);
			mainGroup = EC13139725B78ECF000D34E9;
			productRefGroup = EC1313A125B78ECF000D34E9 /* Products */;
			projectDirPath = "";
			projectRoot = "";
			targets = (
				EC13139F25B78ECF000D34E9 /* MonitorSwitcher */,
				EC1313B425B78ED0000D34E9 /* MonitorSwitcherTests */,
				EC1313BF25B78ED0000D34E9 /* MonitorSwitcherUITests */,
			);
		};
/* End PBXProject section */

/* Begin PBXResourcesBuildPhase section */
		EC13139E25B78ECF000D34E9 /* Resources */ = {
			isa = PBXResourcesBuildPhase;
			buildActionMask = 2147483647;
			files = (
				EC1313AE25B78ED0000D34E9 /* Main.storyboard in Resources */,
				EC1313AB25B78ED0000D34E9 /* Preview Assets.xcassets in Resources */,
				EC1313A825B78ED0000D34E9 /* Assets.xcassets in Resources */,
			);
			runOnlyForDeploymentPostprocessing = 0;
		};
		EC1313B325B78ED0000D34E9 /* Resources */ = {
			isa = PBXResourcesBuildPhase;
			buildActionMask = 2147483647;
			files = (
			);
			runOnlyForDeploymentPostprocessing = 0;
		};
		EC1313BE25B78ED0000D34E9 /* Resources */ = {
			isa = PBXResourcesBuildPhase;
			buildActionMask = 2147483647;
			files = (
			);
			runOnlyForDeploymentPostprocessing = 0;
		};
/* End PBXResourcesBuildPhase section */

/* Begin PBXSourcesBuildPhase section */
		EC13139C25B78ECF000D34E9 /* Sources */ = {
			isa = PBXSourcesBuildPhase;
			buildActionMask = 2147483647;
			files = (
				EC07D3B625C0DB6400926C39 /* DDC.c in Sources */,
				EC07D3DE25C0F2CC00926C39 /* ddcctl.m in Sources */,
				EC1313A625B78ECF000D34E9 /* ContentView.swift in Sources */,
				EC1313A425B78ECF000D34E9 /* AppDelegate.swift in Sources */,
			);
			runOnlyForDeploymentPostprocessing = 0;
		};
		EC1313B125B78ED0000D34E9 /* Sources */ = {
			isa = PBXSourcesBuildPhase;
			buildActionMask = 2147483647;
			files = (
				EC1313BA25B78ED0000D34E9 /* MonitorSwitcherTests.swift in Sources */,
			);
			runOnlyForDeploymentPostprocessing = 0;
		};
		EC1313BC25B78ED0000D34E9 /* Sources */ = {
			isa = PBXSourcesBuildPhase;
			buildActionMask = 2147483647;
			files = (
				EC1313C525B78ED0000D34E9 /* MonitorSwitcherUITests.swift in Sources */,
			);
			runOnlyForDeploymentPostprocessing = 0;
		};
/* End PBXSourcesBuildPhase section */

/* Begin PBXTargetDependency section */
		EC1313B725B78ED0000D34E9 /* PBXTargetDependency */ = {
			isa = PBXTargetDependency;
			target = EC13139F25B78ECF000D34E9 /* MonitorSwitcher */;
			targetProxy = EC1313B625B78ED0000D34E9 /* PBXContainerItemProxy */;
		};
		EC1313C225B78ED0000D34E9 /* PBXTargetDependency */ = {
			isa = PBXTargetDependency;
			target = EC13139F25B78ECF000D34E9 /* MonitorSwitcher */;
			targetProxy = EC1313C125B78ED0000D34E9 /* PBXContainerItemProxy */;
		};
/* End PBXTargetDependency section */

/* Begin PBXVariantGroup section */
		EC1313AC25B78ED0000D34E9 /* Main.storyboard */ = {
			isa = PBXVariantGroup;
			children = (
				EC1313AD25B78ED0000D34E9 /* Base */,
			);
			name = Main.storyboard;
			sourceTree = "<group>";
		};
/* End PBXVariantGroup section */

/* Begin XCBuildConfiguration section */
		EC1313C725B78ED0000D34E9 /* Debug */ = {
			isa = XCBuildConfiguration;
			buildSettings = {
				ALWAYS_SEARCH_USER_PATHS = NO;
				CLANG_ANALYZER_NONNULL = YES;
				CLANG_ANALYZER_NUMBER_OBJECT_CONVERSION = YES_AGGRESSIVE;
				CLANG_CXX_LANGUAGE_STANDARD = "gnu++14";
				CLANG_CXX_LIBRARY = "libc++";
				CLANG_ENABLE_MODULES = YES;
				CLANG_ENABLE_OBJC_ARC = YES;
				CLANG_ENABLE_OBJC_WEAK = YES;
				CLANG_WARN_BLOCK_CAPTURE_AUTORELEASING = YES;
				CLANG_WARN_BOOL_CONVERSION = YES;
				CLANG_WARN_COMMA = YES;
				CLANG_WARN_CONSTANT_CONVERSION = YES;
				CLANG_WARN_DEPRECATED_OBJC_IMPLEMENTATIONS = YES;
				CLANG_WARN_DIRECT_OBJC_ISA_USAGE = YES_ERROR;
				CLANG_WARN_DOCUMENTATION_COMMENTS = YES;
				CLANG_WARN_EMPTY_BODY = YES;
				CLANG_WARN_ENUM_CONVERSION = YES;
				CLANG_WARN_INFINITE_RECURSION = YES;
				CLANG_WARN_INT_CONVERSION = YES;
				CLANG_WARN_NON_LITERAL_NULL_CONVERSION = YES;
				CLANG_WARN_OBJC_IMPLICIT_RETAIN_SELF = YES;
				CLANG_WARN_OBJC_LITERAL_CONVERSION = YES;
				CLANG_WARN_OBJC_ROOT_CLASS = YES_ERROR;
				CLANG_WARN_QUOTED_INCLUDE_IN_FRAMEWORK_HEADER = YES;
				CLANG_WARN_RANGE_LOOP_ANALYSIS = YES;
				CLANG_WARN_STRICT_PROTOTYPES = YES;
				CLANG_WARN_SUSPICIOUS_MOVE = YES;
				CLANG_WARN_UNGUARDED_AVAILABILITY = YES_AGGRESSIVE;
				CLANG_WARN_UNREACHABLE_CODE = YES;
				CLANG_WARN__DUPLICATE_METHOD_MATCH = YES;
				COPY_PHASE_STRIP = NO;
				DEBUG_INFORMATION_FORMAT = dwarf;
				ENABLE_STRICT_OBJC_MSGSEND = YES;
				ENABLE_TESTABILITY = YES;
				GCC_C_LANGUAGE_STANDARD = gnu11;
				GCC_DYNAMIC_NO_PIC = NO;
				GCC_NO_COMMON_BLOCKS = YES;
				GCC_OPTIMIZATION_LEVEL = 0;
				GCC_PREPROCESSOR_DEFINITIONS = (
					"DEBUG=1",
					"$(inherited)",
				);
				GCC_WARN_64_TO_32_BIT_CONVERSION = YES;
				GCC_WARN_ABOUT_RETURN_TYPE = YES_ERROR;
				GCC_WARN_UNDECLARED_SELECTOR = YES;
				GCC_WARN_UNINITIALIZED_AUTOS = YES_AGGRESSIVE;
				GCC_WARN_UNUSED_FUNCTION = YES;
				GCC_WARN_UNUSED_VARIABLE = YES;
				MACOSX_DEPLOYMENT_TARGET = 10.15;
				MTL_ENABLE_DEBUG_INFO = INCLUDE_SOURCE;
				MTL_FAST_MATH = YES;
				ONLY_ACTIVE_ARCH = YES;
				SDKROOT = macosx;
				SWIFT_ACTIVE_COMPILATION_CONDITIONS = DEBUG;
				SWIFT_OPTIMIZATION_LEVEL = "-Onone";
			};
			name = Debug;
		};
		EC1313C825B78ED0000D34E9 /* Release */ = {
			isa = XCBuildConfiguration;
			buildSettings = {
				ALWAYS_SEARCH_USER_PATHS = NO;
				CLANG_ANALYZER_NONNULL = YES;
				CLANG_ANALYZER_NUMBER_OBJECT_CONVERSION = YES_AGGRESSIVE;
				CLANG_CXX_LANGUAGE_STANDARD = "gnu++14";
				CLANG_CXX_LIBRARY = "libc++";
				CLANG_ENABLE_MODULES = YES;
				CLANG_ENABLE_OBJC_ARC = YES;
				CLANG_ENABLE_OBJC_WEAK = YES;
				CLANG_WARN_BLOCK_CAPTURE_AUTORELEASING = YES;
				CLANG_WARN_BOOL_CONVERSION = YES;
				CLANG_WARN_COMMA = YES;
				CLANG_WARN_CONSTANT_CONVERSION = YES;
				CLANG_WARN_DEPRECATED_OBJC_IMPLEMENTATIONS = YES;
				CLANG_WARN_DIRECT_OBJC_ISA_USAGE = YES_ERROR;
				CLANG_WARN_DOCUMENTATION_COMMENTS = YES;
				CLANG_WARN_EMPTY_BODY = YES;
				CLANG_WARN_ENUM_CONVERSION = YES;
				CLANG_WARN_INFINITE_RECURSION = YES;
				CLANG_WARN_INT_CONVERSION = YES;
				CLANG_WARN_NON_LITERAL_NULL_CONVERSION = YES;
				CLANG_WARN_OBJC_IMPLICIT_RETAIN_SELF = YES;
				CLANG_WARN_OBJC_LITERAL_CONVERSION = YES;
				CLANG_WARN_OBJC_ROOT_CLASS = YES_ERROR;
				CLANG_WARN_QUOTED_INCLUDE_IN_FRAMEWORK_HEADER = YES;
				CLANG_WARN_RANGE_LOOP_ANALYSIS = YES;
				CLANG_WARN_STRICT_PROTOTYPES = YES;
				CLANG_WARN_SUSPICIOUS_MOVE = YES;
				CLANG_WARN_UNGUARDED_AVAILABILITY = YES_AGGRESSIVE;
				CLANG_WARN_UNREACHABLE_CODE = YES;
				CLANG_WARN__DUPLICATE_METHOD_MATCH = YES;
				COPY_PHASE_STRIP = NO;
				DEBUG_INFORMATION_FORMAT = "dwarf-with-dsym";
				ENABLE_NS_ASSERTIONS = NO;
				ENABLE_STRICT_OBJC_MSGSEND = YES;
				GCC_C_LANGUAGE_STANDARD = gnu11;
				GCC_NO_COMMON_BLOCKS = YES;
				GCC_WARN_64_TO_32_BIT_CONVERSION = YES;
				GCC_WARN_ABOUT_RETURN_TYPE = YES_ERROR;
				GCC_WARN_UNDECLARED_SELECTOR = YES;
				GCC_WARN_UNINITIALIZED_AUTOS = YES_AGGRESSIVE;
				GCC_WARN_UNUSED_FUNCTION = YES;
				GCC_WARN_UNUSED_VARIABLE = YES;
				MACOSX_DEPLOYMENT_TARGET = 10.15;
				MTL_ENABLE_DEBUG_INFO = NO;
				MTL_FAST_MATH = YES;
				SDKROOT = macosx;
				SWIFT_COMPILATION_MODE = wholemodule;
				SWIFT_OPTIMIZATION_LEVEL = "-O";
			};
			name = Release;
		};
		EC1313CA25B78ED0000D34E9 /* Debug */ = {
			isa = XCBuildConfiguration;
			buildSettings = {
				ASSETCATALOG_COMPILER_APPICON_NAME = AppIcon;
				ASSETCATALOG_COMPILER_GLOBAL_ACCENT_COLOR_NAME = AccentColor;
				CLANG_ENABLE_MODULES = YES;
				CODE_SIGN_ENTITLEMENTS = MonitorSwitcher/MonitorSwitcher.entitlements;
				CODE_SIGN_IDENTITY = "-";
				CODE_SIGN_STYLE = Automatic;
				COMBINE_HIDPI_IMAGES = YES;
				DEVELOPMENT_ASSET_PATHS = "\"MonitorSwitcher/Preview Content\"";
				ENABLE_PREVIEWS = YES;
				INFOPLIST_FILE = MonitorSwitcher/Info.plist;
				LD_RUNPATH_SEARCH_PATHS = (
					"$(inherited)",
					"@executable_path/../Frameworks",
				);
				MACOSX_DEPLOYMENT_TARGET = 10.15;
				PRODUCT_BUNDLE_IDENTIFIER = dev.partkyle.MonitorSwitcher;
				PRODUCT_NAME = "$(TARGET_NAME)";
				SWIFT_OBJC_BRIDGING_HEADER = "MonitorSwitcher-Bridging-Header.h";
				SWIFT_OPTIMIZATION_LEVEL = "-Onone";
				SWIFT_VERSION = 5.0;
			};
			name = Debug;
		};
		EC1313CB25B78ED0000D34E9 /* Release */ = {
			isa = XCBuildConfiguration;
			buildSettings = {
				ASSETCATALOG_COMPILER_APPICON_NAME = AppIcon;
				ASSETCATALOG_COMPILER_GLOBAL_ACCENT_COLOR_NAME = AccentColor;
				CLANG_ENABLE_MODULES = YES;
				CODE_SIGN_ENTITLEMENTS = MonitorSwitcher/MonitorSwitcher.entitlements;
				CODE_SIGN_IDENTITY = "-";
				CODE_SIGN_STYLE = Automatic;
				COMBINE_HIDPI_IMAGES = YES;
				DEVELOPMENT_ASSET_PATHS = "\"MonitorSwitcher/Preview Content\"";
				ENABLE_PREVIEWS = YES;
				INFOPLIST_FILE = MonitorSwitcher/Info.plist;
				LD_RUNPATH_SEARCH_PATHS = (
					"$(inherited)",
					"@executable_path/../Frameworks",
				);
				MACOSX_DEPLOYMENT_TARGET = 10.15;
				PRODUCT_BUNDLE_IDENTIFIER = dev.partkyle.MonitorSwitcher;
				PRODUCT_NAME = "$(TARGET_NAME)";
				SWIFT_OBJC_BRIDGING_HEADER = "MonitorSwitcher-Bridging-Header.h";
				SWIFT_VERSION = 5.0;
			};
			name = Release;
		};
		EC1313CD25B78ED0000D34E9 /* Debug */ = {
			isa = XCBuildConfiguration;
			buildSettings = {
				ALWAYS_EMBED_SWIFT_STANDARD_LIBRARIES = YES;
				BUNDLE_LOADER = "$(TEST_HOST)";
				CODE_SIGN_STYLE = Automatic;
				COMBINE_HIDPI_IMAGES = YES;
				INFOPLIST_FILE = MonitorSwitcherTests/Info.plist;
				LD_RUNPATH_SEARCH_PATHS = (
					"$(inherited)",
					"@executable_path/../Frameworks",
					"@loader_path/../Frameworks",
				);
				MACOSX_DEPLOYMENT_TARGET = 10.15;
				PRODUCT_BUNDLE_IDENTIFIER = dev.partkyle.MonitorSwitcherTests;
				PRODUCT_NAME = "$(TARGET_NAME)";
				SWIFT_VERSION = 5.0;
				TEST_HOST = "$(BUILT_PRODUCTS_DIR)/MonitorSwitcher.app/Contents/MacOS/MonitorSwitcher";
			};
			name = Debug;
		};
		EC1313CE25B78ED0000D34E9 /* Release */ = {
			isa = XCBuildConfiguration;
			buildSettings = {
				ALWAYS_EMBED_SWIFT_STANDARD_LIBRARIES = YES;
				BUNDLE_LOADER = "$(TEST_HOST)";
				CODE_SIGN_STYLE = Automatic;
				COMBINE_HIDPI_IMAGES = YES;
				INFOPLIST_FILE = MonitorSwitcherTests/Info.plist;
				LD_RUNPATH_SEARCH_PATHS = (
					"$(inherited)",
					"@executable_path/../Frameworks",
					"@loader_path/../Frameworks",
				);
				MACOSX_DEPLOYMENT_TARGET = 10.15;
				PRODUCT_BUNDLE_IDENTIFIER = dev.partkyle.MonitorSwitcherTests;
				PRODUCT_NAME = "$(TARGET_NAME)";
				SWIFT_VERSION = 5.0;
				TEST_HOST = "$(BUILT_PRODUCTS_DIR)/MonitorSwitcher.app/Contents/MacOS/MonitorSwitcher";
			};
			name = Release;
		};
		EC1313D025B78ED0000D34E9 /* Debug */ = {
			isa = XCBuildConfiguration;
			buildSettings = {
				ALWAYS_EMBED_SWIFT_STANDARD_LIBRARIES = YES;
				CODE_SIGN_STYLE = Automatic;
				COMBINE_HIDPI_IMAGES = YES;
				INFOPLIST_FILE = MonitorSwitcherUITests/Info.plist;
				LD_RUNPATH_SEARCH_PATHS = (
					"$(inherited)",
					"@executable_path/../Frameworks",
					"@loader_path/../Frameworks",
				);
				PRODUCT_BUNDLE_IDENTIFIER = dev.partkyle.MonitorSwitcherUITests;
				PRODUCT_NAME = "$(TARGET_NAME)";
				SWIFT_VERSION = 5.0;
				TEST_TARGET_NAME = MonitorSwitcher;
			};
			name = Debug;
		};
		EC1313D125B78ED0000D34E9 /* Release */ = {
			isa = XCBuildConfiguration;
			buildSettings = {
				ALWAYS_EMBED_SWIFT_STANDARD_LIBRARIES = YES;
				CODE_SIGN_STYLE = Automatic;
				COMBINE_HIDPI_IMAGES = YES;
				INFOPLIST_FILE = MonitorSwitcherUITests/Info.plist;
				LD_RUNPATH_SEARCH_PATHS = (
					"$(inherited)",
					"@executable_path/../Frameworks",
					"@loader_path/../Frameworks",
				);
				PRODUCT_BUNDLE_IDENTIFIER = dev.partkyle.MonitorSwitcherUITests;
				PRODUCT_NAME = "$(TARGET_NAME)";
				SWIFT_VERSION = 5.0;
				TEST_TARGET_NAME = MonitorSwitcher;
			};
			name = Release;
		};
/* End XCBuildConfiguration section */

/* Begin XCConfigurationList section */
		EC13139B25B78ECF000D34E9 /* Build configuration list for PBXProject "MonitorSwitcher" */ = {
			isa = XCConfigurationList;
			buildConfigurations = (
				EC1313C725B78ED0000D34E9 /* Debug */,
				EC1313C825B78ED0000D34E9 /* Release */,
			);
			defaultConfigurationIsVisible = 0;
			defaultConfigurationName = Release;
		};
		EC1313C925B78ED0000D34E9 /* Build configuration list for PBXNativeTarget "MonitorSwitcher" */ = {
			isa = XCConfigurationList;
			buildConfigurations = (
				EC1313CA25B78ED0000D34E9 /* Debug */,
				EC1313CB25B78ED0000D34E9 /* Release */,
			);
			defaultConfigurationIsVisible = 0;
			defaultConfigurationName = Release;
		};
		EC1313CC25B78ED0000D34E9 /* Build configuration list for PBXNativeTarget "MonitorSwitcherTests" */ = {
			isa = XCConfigurationList;
			buildConfigurations = (
				EC1313CD25B78ED0000D34E9 /* Debug */,
				EC1313CE25B78ED0000D34E9 /* Release */,
			);
			defaultConfigurationIsVisible = 0;
			defaultConfigurationName = Release;
		};
		EC1313CF25B78ED0000D34E9 /* Build configuration list for PBXNativeTarget "MonitorSwitcherUITests" */ = {
			isa = XCConfigurationList;
			buildConfigurations = (
				EC1313D025B78ED0000D34E9 /* Debug */,
				EC1313D125B78ED0000D34E9 /* Release */,
			);
			defaultConfigurationIsVisible = 0;
			defaultConfigurationName = Release;
		};
/* End XCConfigurationList section */
	};
	rootObject = EC13139825B78ECF000D34E9 /* Project object */;
}
